
Microsoft Visual Studio Solution File, Format Version 12.00
# Visual Studio 15
VisualStudioVersion = 15.0.28010.2036
MinimumVisualStudioVersion = 10.0.40219.1
Project("{FAE04EC0-301F-11D3-BF4B-00C04F79EFBC}") = "MVCGITProject", "MVCGITProject\MVCGITProject.csproj", "{AA55B58C-716A-4D19-8970-5BC43DB31662}"
EndProject
Project("{FAE04EC0-301F-11D3-BF4B-00C04F79EFBC}") = "MVCGITProject.Tests", "MVCGITProject.Tests\MVCGITProject.Tests.csproj", "{17CBCD49-A7DD-462A-8F5F-398448302F6E}"
EndProject
Project("{FAE04EC0-301F-11D3-BF4B-00C04F79EFBC}") = "Business", "Business\Business.csproj", "{D91BC742-0664-469B-BB0E-281FDB6407BF}"
EndProject
Global
	GlobalSection(SolutionConfigurationPlatforms) = preSolution
		Debug|Any CPU = Debug|Any CPU
		Release|Any CPU = Release|Any CPU
	EndGlobalSection
	GlobalSection(ProjectConfigurationPlatforms) = postSolution
		{AA55B58C-716A-4D19-8970-5BC43DB31662}.Debug|Any CPU.ActiveCfg = Debug|Any CPU
		{AA55B58C-716A-4D19-8970-5BC43DB31662}.Debug|Any CPU.Build.0 = Debug|Any CPU
		{AA55B58C-716A-4D19-8970-5BC43DB31662}.Release|Any CPU.ActiveCfg = Release|Any CPU
		{AA55B58C-716A-4D19-8970-5BC43DB31662}.Release|Any CPU.Build.0 = Release|Any CPU
		{17CBCD49-A7DD-462A-8F5F-398448302F6E}.Debug|Any CPU.ActiveCfg = Debug|Any CPU
		{17CBCD49-A7DD-462A-8F5F-398448302F6E}.Debug|Any CPU.Build.0 = Debug|Any CPU
		{17CBCD49-A7DD-462A-8F5F-398448302F6E}.Release|Any CPU.ActiveCfg = Release|Any CPU
		{17CBCD49-A7DD-462A-8F5F-398448302F6E}.Release|Any CPU.Build.0 = Release|Any CPU
		{D91BC742-0664-469B-BB0E-281FDB6407BF}.Debug|Any CPU.ActiveCfg = Debug|Any CPU
		{D91BC742-0664-469B-BB0E-281FDB6407BF}.Debug|Any CPU.Build.0 = Debug|Any CPU
		{D91BC742-0664-469B-BB0E-281FDB6407BF}.Release|Any CPU.ActiveCfg = Release|Any CPU
		{D91BC742-0664-469B-BB0E-281FDB6407BF}.Release|Any CPU.Build.0 = Release|Any CPU
	EndGlobalSection
	GlobalSection(SolutionProperties) = preSolution
		HideSolutionNode = FALSE
	EndGlobalSection
	GlobalSection(ExtensibilityGlobals) = postSolution
		SolutionGuid = {FBF33CDA-E233-4C59-BFC8-7D6834D23124}
	EndGlobalSection
EndGlobal
